
Microsoft Visual Studio Solution File, Format Version 12.00
Project("{FAE04EC0-301F-11D3-BF4B-00C04F79EFBC}") = "TicTacToe.Tests", "TicTacToe.Tests\TicTacToe.Tests.csproj", "{ACA4119D-A74F-449E-B238-BA7A97B84600}"
EndProject
Global
	GlobalSection(SolutionConfigurationPlatforms) = preSolution
		Debug|Any CPU = Debug|Any CPU
		Release|Any CPU = Release|Any CPU
	EndGlobalSection
	GlobalSection(ProjectConfigurationPlatforms) = postSolution
		{ACA4119D-A74F-449E-B238-BA7A97B84600}.Debug|Any CPU.ActiveCfg = Debug|Any CPU
		{ACA4119D-A74F-449E-B238-BA7A97B84600}.Debug|Any CPU.Build.0 = Debug|Any CPU
		{ACA4119D-A74F-449E-B238-BA7A97B84600}.Release|Any CPU.ActiveCfg = Release|Any CPU
		{ACA4119D-A74F-449E-B238-BA7A97B84600}.Release|Any CPU.Build.0 = Release|Any CPU
	EndGlobalSection
EndGlobal
